// !$*UTF8*$!
{
	archiveVersion = 1;
	classes = {
	};
	objectVersion = 56;
	objects = {

/* Begin PBXBuildFile section */
		2EA42E9C2935CEE800A31F04 /* AppDelegate.swift in Sources */ = {isa = PBXBuildFile; fileRef = 2EA42E9B2935CEE800A31F04 /* AppDelegate.swift */; };
		2EA42E9E2935CEE800A31F04 /* SceneDelegate.swift in Sources */ = {isa = PBXBuildFile; fileRef = 2EA42E9D2935CEE800A31F04 /* SceneDelegate.swift */; };
		2EA42EA02935CEE800A31F04 /* ViewController.swift in Sources */ = {isa = PBXBuildFile; fileRef = 2EA42E9F2935CEE800A31F04 /* ViewController.swift */; };
		2EA42EA32935CEE800A31F04 /* Main.storyboard in Resources */ = {isa = PBXBuildFile; fileRef = 2EA42EA12935CEE800A31F04 /* Main.storyboard */; };
		2EA42EA52935CEEA00A31F04 /* Assets.xcassets in Resources */ = {isa = PBXBuildFile; fileRef = 2EA42EA42935CEEA00A31F04 /* Assets.xcassets */; };
		2EA42EA82935CEEA00A31F04 /* LaunchScreen.storyboard in Resources */ = {isa = PBXBuildFile; fileRef = 2EA42EA62935CEEA00A31F04 /* LaunchScreen.storyboard */; };
		2EA42EB32935CEEA00A31F04 /* MyTodoTests.swift in Sources */ = {isa = PBXBuildFile; fileRef = 2EA42EB22935CEEA00A31F04 /* MyTodoTests.swift */; };
		2EA42EBD2935CEEA00A31F04 /* MyTodoUITests.swift in Sources */ = {isa = PBXBuildFile; fileRef = 2EA42EBC2935CEEA00A31F04 /* MyTodoUITests.swift */; };
		2EA42EBF2935CEEA00A31F04 /* MyTodoUITestsLaunchTests.swift in Sources */ = {isa = PBXBuildFile; fileRef = 2EA42EBE2935CEEA00A31F04 /* MyTodoUITestsLaunchTests.swift */; };
/* End PBXBuildFile section */

/* Begin PBXContainerItemProxy section */
		2EA42EAF2935CEEA00A31F04 /* PBXContainerItemProxy */ = {
			isa = PBXContainerItemProxy;
			containerPortal = 2EA42E902935CEE800A31F04 /* Project object */;
			proxyType = 1;
			remoteGlobalIDString = 2EA42E972935CEE800A31F04;
			remoteInfo = MyTodo;
		};
		2EA42EB92935CEEA00A31F04 /* PBXContainerItemProxy */ = {
			isa = PBXContainerItemProxy;
			containerPortal = 2EA42E902935CEE800A31F04 /* Project object */;
			proxyType = 1;
			remoteGlobalIDString = 2EA42E972935CEE800A31F04;
			remoteInfo = MyTodo;
		};
/* End PBXContainerItemProxy section */

/* Begin PBXFileReference section */
		2EA42E982935CEE800A31F04 /* MyTodo.app */ = {isa = PBXFileReference; explicitFileType = wrapper.application; includeInIndex = 0; path = MyTodo.app; sourceTree = BUILT_PRODUCTS_DIR; };
		2EA42E9B2935CEE800A31F04 /* AppDelegate.swift */ = {isa = PBXFileReference; lastKnownFileType = sourcecode.swift; path = AppDelegate.swift; sourceTree = "<group>"; };
		2EA42E9D2935CEE800A31F04 /* SceneDelegate.swift */ = {isa = PBXFileReference; lastKnownFileType = sourcecode.swift; path = SceneDelegate.swift; sourceTree = "<group>"; };
		2EA42E9F2935CEE800A31F04 /* ViewController.swift */ = {isa = PBXFileReference; lastKnownFileType = sourcecode.swift; path = ViewController.swift; sourceTree = "<group>"; };
		2EA42EA22935CEE800A31F04 /* Base */ = {isa = PBXFileReference; lastKnownFileType = file.storyboard; name = Base; path = Base.lproj/Main.storyboard; sourceTree = "<group>"; };
		2EA42EA42935CEEA00A31F04 /* Assets.xcassets */ = {isa = PBXFileReference; lastKnownFileType = folder.assetcatalog; path = Assets.xcassets; sourceTree = "<group>"; };
		2EA42EA72935CEEA00A31F04 /* Base */ = {isa = PBXFileReference; lastKnownFileType = file.storyboard; name = Base; path = Base.lproj/LaunchScreen.storyboard; sourceTree = "<group>"; };
		2EA42EA92935CEEA00A31F04 /* Info.plist */ = {isa = PBXFileReference; lastKnownFileType = text.plist.xml; path = Info.plist; sourceTree = "<group>"; };
		2EA42EAE2935CEEA00A31F04 /* MyTodoTests.xctest */ = {isa = PBXFileReference; explicitFileType = wrapper.cfbundle; includeInIndex = 0; path = MyTodoTests.xctest; sourceTree = BUILT_PRODUCTS_DIR; };
		2EA42EB22935CEEA00A31F04 /* MyTodoTests.swift */ = {isa = PBXFileReference; lastKnownFileType = sourcecode.swift; path = MyTodoTests.swift; sourceTree = "<group>"; };
		2EA42EB82935CEEA00A31F04 /* MyTodoUITests.xctest */ = {isa = PBXFileReference; explicitFileType = wrapper.cfbundle; includeInIndex = 0; path = MyTodoUITests.xctest; sourceTree = BUILT_PRODUCTS_DIR; };
		2EA42EBC2935CEEA00A31F04 /* MyTodoUITests.swift */ = {isa = PBXFileReference; lastKnownFileType = sourcecode.swift; path = MyTodoUITests.swift; sourceTree = "<group>"; };
		2EA42EBE2935CEEA00A31F04 /* MyTodoUITestsLaunchTests.swift */ = {isa = PBXFileReference; lastKnownFileType = sourcecode.swift; path = MyTodoUITestsLaunchTests.swift; sourceTree = "<group>"; };
/* End PBXFileReference section */

/* Begin PBXFrameworksBuildPhase section */
		2EA42E952935CEE800A31F04 /* Frameworks */ = {
			isa = PBXFrameworksBuildPhase;
			buildActionMask = 2147483647;
			files = (
			);
			runOnlyForDeploymentPostprocessing = 0;
		};
		2EA42EAB2935CEEA00A31F04 /* Frameworks */ = {
			isa = PBXFrameworksBuildPhase;
			buildActionMask = 2147483647;
			files = (
			);
			runOnlyForDeploymentPostprocessing = 0;
		};
		2EA42EB52935CEEA00A31F04 /* Frameworks */ = {
			isa = PBXFrameworksBuildPhase;
			buildActionMask = 2147483647;
			files = (
			);
			runOnlyForDeploymentPostprocessing = 0;
		};
/* End PBXFrameworksBuildPhase section */

/* Begin PBXGroup section */
		2EA42E8F2935CEE800A31F04 = {
			isa = PBXGroup;
			children = (
				2EA42E9A2935CEE800A31F04 /* MyTodo */,
				2EA42EB12935CEEA00A31F04 /* MyTodoTests */,
				2EA42EBB2935CEEA00A31F04 /* MyTodoUITests */,
				2EA42E992935CEE800A31F04 /* Products */,
			);
			sourceTree = "<group>";
		};
		2EA42E992935CEE800A31F04 /* Products */ = {
			isa = PBXGroup;
			children = (
				2EA42E982935CEE800A31F04 /* MyTodo.app */,
				2EA42EAE2935CEEA00A31F04 /* MyTodoTests.xctest */,
				2EA42EB82935CEEA00A31F04 /* MyTodoUITests.xctest */,
			);
			name = Products;
			sourceTree = "<group>";
		};
		2EA42E9A2935CEE800A31F04 /* MyTodo */ = {
			isa = PBXGroup;
			children = (
				2EA42E9B2935CEE800A31F04 /* AppDelegate.swift */,
				2EA42E9D2935CEE800A31F04 /* SceneDelegate.swift */,
				2EA42E9F2935CEE800A31F04 /* ViewController.swift */,
				2EA42EA12935CEE800A31F04 /* Main.storyboard */,
				2EA42EA42935CEEA00A31F04 /* Assets.xcassets */,
				2EA42EA62935CEEA00A31F04 /* LaunchScreen.storyboard */,
				2EA42EA92935CEEA00A31F04 /* Info.plist */,
			);
			path = MyTodo;
			sourceTree = "<group>";
		};
		2EA42EB12935CEEA00A31F04 /* MyTodoTests */ = {
			isa = PBXGroup;
			children = (
				2EA42EB22935CEEA00A31F04 /* MyTodoTests.swift */,
			);
			path = MyTodoTests;
			sourceTree = "<group>";
		};
		2EA42EBB2935CEEA00A31F04 /* MyTodoUITests */ = {
			isa = PBXGroup;
			children = (
				2EA42EBC2935CEEA00A31F04 /* MyTodoUITests.swift */,
				2EA42EBE2935CEEA00A31F04 /* MyTodoUITestsLaunchTests.swift */,
			);
			path = MyTodoUITests;
			sourceTree = "<group>";
		};
/* End PBXGroup section */

/* Begin PBXNativeTarget section */
		2EA42E972935CEE800A31F04 /* MyTodo */ = {
			isa = PBXNativeTarget;
			buildConfigurationList = 2EA42EC22935CEEA00A31F04 /* Build configuration list for PBXNativeTarget "MyTodo" */;
			buildPhases = (
				2EA42E942935CEE800A31F04 /* Sources */,
				2EA42E952935CEE800A31F04 /* Frameworks */,
				2EA42E962935CEE800A31F04 /* Resources */,
			);
			buildRules = (
			);
			dependencies = (
			);
			name = MyTodo;
			productName = MyTodo;
			productReference = 2EA42E982935CEE800A31F04 /* MyTodo.app */;
			productType = "com.apple.product-type.application";
		};
		2EA42EAD2935CEEA00A31F04 /* MyTodoTests */ = {
			isa = PBXNativeTarget;
			buildConfigurationList = 2EA42EC52935CEEA00A31F04 /* Build configuration list for PBXNativeTarget "MyTodoTests" */;
			buildPhases = (
				2EA42EAA2935CEEA00A31F04 /* Sources */,
				2EA42EAB2935CEEA00A31F04 /* Frameworks */,
				2EA42EAC2935CEEA00A31F04 /* Resources */,
			);
			buildRules = (
			);
			dependencies = (
				2EA42EB02935CEEA00A31F04 /* PBXTargetDependency */,
			);
			name = MyTodoTests;
			productName = MyTodoTests;
			productReference = 2EA42EAE2935CEEA00A31F04 /* MyTodoTests.xctest */;
			productType = "com.apple.product-type.bundle.unit-test";
		};
		2EA42EB72935CEEA00A31F04 /* MyTodoUITests */ = {
			isa = PBXNativeTarget;
			buildConfigurationList = 2EA42EC82935CEEA00A31F04 /* Build configuration list for PBXNativeTarget "MyTodoUITests" */;
			buildPhases = (
				2EA42EB42935CEEA00A31F04 /* Sources */,
				2EA42EB52935CEEA00A31F04 /* Frameworks */,
				2EA42EB62935CEEA00A31F04 /* Resources */,
			);
			buildRules = (
			);
			dependencies = (
				2EA42EBA2935CEEA00A31F04 /* PBXTargetDependency */,
			);
			name = MyTodoUITests;
			productName = MyTodoUITests;
			productReference = 2EA42EB82935CEEA00A31F04 /* MyTodoUITests.xctest */;
			productType = "com.apple.product-type.bundle.ui-testing";
		};
/* End PBXNativeTarget section */

/* Begin PBXProject section */
		2EA42E902935CEE800A31F04 /* Project object */ = {
			isa = PBXProject;
			attributes = {
				BuildIndependentTargetsInParallel = 1;
				LastSwiftUpdateCheck = 1410;
				LastUpgradeCheck = 1410;
				TargetAttributes = {
					2EA42E972935CEE800A31F04 = {
						CreatedOnToolsVersion = 14.1;
					};
					2EA42EAD2935CEEA00A31F04 = {
						CreatedOnToolsVersion = 14.1;
						TestTargetID = 2EA42E972935CEE800A31F04;
					};
					2EA42EB72935CEEA00A31F04 = {
						CreatedOnToolsVersion = 14.1;
						TestTargetID = 2EA42E972935CEE800A31F04;
					};
				};
			};
			buildConfigurationList = 2EA42E932935CEE800A31F04 /* Build configuration list for PBXProject "MyTodo" */;
			compatibilityVersion = "Xcode 14.0";
			developmentRegion = en;
			hasScannedForEncodings = 0;
			knownRegions = (
				en,
				Base,
			);
			mainGroup = 2EA42E8F2935CEE800A31F04;
			productRefGroup = 2EA42E992935CEE800A31F04 /* Products */;
			projectDirPath = "";
			projectRoot = "";
			targets = (
				2EA42E972935CEE800A31F04 /* MyTodo */,
				2EA42EAD2935CEEA00A31F04 /* MyTodoTests */,
				2EA42EB72935CEEA00A31F04 /* MyTodoUITests */,
			);
		};
/* End PBXProject section */

/* Begin PBXResourcesBuildPhase section */
		2EA42E962935CEE800A31F04 /* Resources */ = {
			isa = PBXResourcesBuildPhase;
			buildActionMask = 2147483647;
			files = (
				2EA42EA82935CEEA00A31F04 /* LaunchScreen.storyboard in Resources */,
				2EA42EA52935CEEA00A31F04 /* Assets.xcassets in Resources */,
				2EA42EA32935CEE800A31F04 /* Main.storyboard in Resources */,
			);
			runOnlyForDeploymentPostprocessing = 0;
		};
		2EA42EAC2935CEEA00A31F04 /* Resources */ = {
			isa = PBXResourcesBuildPhase;
			buildActionMask = 2147483647;
			files = (
			);
			runOnlyForDeploymentPostprocessing = 0;
		};
		2EA42EB62935CEEA00A31F04 /* Resources */ = {
			isa = PBXResourcesBuildPhase;
			buildActionMask = 2147483647;
			files = (
			);
			runOnlyForDeploymentPostprocessing = 0;
		};
/* End PBXResourcesBuildPhase section */

/* Begin PBXSourcesBuildPhase section */
		2EA42E942935CEE800A31F04 /* Sources */ = {
			isa = PBXSourcesBuildPhase;
			buildActionMask = 2147483647;
			files = (
				2EA42EA02935CEE800A31F04 /* ViewController.swift in Sources */,
				2EA42E9C2935CEE800A31F04 /* AppDelegate.swift in Sources */,
				2EA42E9E2935CEE800A31F04 /* SceneDelegate.swift in Sources */,
			);
			runOnlyForDeploymentPostprocessing = 0;
		};
		2EA42EAA2935CEEA00A31F04 /* Sources */ = {
			isa = PBXSourcesBuildPhase;
			buildActionMask = 2147483647;
			files = (
				2EA42EB32935CEEA00A31F04 /* MyTodoTests.swift in Sources */,
			);
			runOnlyForDeploymentPostprocessing = 0;
		};
		2EA42EB42935CEEA00A31F04 /* Sources */ = {
			isa = PBXSourcesBuildPhase;
			buildActionMask = 2147483647;
			files = (
				2EA42EBF2935CEEA00A31F04 /* MyTodoUITestsLaunchTests.swift in Sources */,
				2EA42EBD2935CEEA00A31F04 /* MyTodoUITests.swift in Sources */,
			);
			runOnlyForDeploymentPostprocessing = 0;
		};
/* End PBXSourcesBuildPhase section */

/* Begin PBXTargetDependency section */
		2EA42EB02935CEEA00A31F04 /* PBXTargetDependency */ = {
			isa = PBXTargetDependency;
			target = 2EA42E972935CEE800A31F04 /* MyTodo */;
			targetProxy = 2EA42EAF2935CEEA00A31F04 /* PBXContainerItemProxy */;
		};
		2EA42EBA2935CEEA00A31F04 /* PBXTargetDependency */ = {
			isa = PBXTargetDependency;
			target = 2EA42E972935CEE800A31F04 /* MyTodo */;
			targetProxy = 2EA42EB92935CEEA00A31F04 /* PBXContainerItemProxy */;
		};
/* End PBXTargetDependency section */

/* Begin PBXVariantGroup section */
		2EA42EA12935CEE800A31F04 /* Main.storyboard */ = {
			isa = PBXVariantGroup;
			children = (
				2EA42EA22935CEE800A31F04 /* Base */,
			);
			name = Main.storyboard;
			sourceTree = "<group>";
		};
		2EA42EA62935CEEA00A31F04 /* LaunchScreen.storyboard */ = {
			isa = PBXVariantGroup;
			children = (
				2EA42EA72935CEEA00A31F04 /* Base */,
			);
			name = LaunchScreen.storyboard;
			sourceTree = "<group>";
		};
/* End PBXVariantGroup section */

/* Begin XCBuildConfiguration section */
		2EA42EC02935CEEA00A31F04 /* Debug */ = {
			isa = XCBuildConfiguration;
			buildSettings = {
				ALWAYS_SEARCH_USER_PATHS = NO;
				CLANG_ANALYZER_NONNULL = YES;
				CLANG_ANALYZER_NUMBER_OBJECT_CONVERSION = YES_AGGRESSIVE;
				CLANG_CXX_LANGUAGE_STANDARD = "gnu++20";
				CLANG_ENABLE_MODULES = YES;
				CLANG_ENABLE_OBJC_ARC = YES;
				CLANG_ENABLE_OBJC_WEAK = YES;
				CLANG_WARN_BLOCK_CAPTURE_AUTORELEASING = YES;
				CLANG_WARN_BOOL_CONVERSION = YES;
				CLANG_WARN_COMMA = YES;
				CLANG_WARN_CONSTANT_CONVERSION = YES;
				CLANG_WARN_DEPRECATED_OBJC_IMPLEMENTATIONS = YES;
				CLANG_WARN_DIRECT_OBJC_ISA_USAGE = YES_ERROR;
				CLANG_WARN_DOCUMENTATION_COMMENTS = YES;
				CLANG_WARN_EMPTY_BODY = YES;
				CLANG_WARN_ENUM_CONVERSION = YES;
				CLANG_WARN_INFINITE_RECURSION = YES;
				CLANG_WARN_INT_CONVERSION = YES;
				CLANG_WARN_NON_LITERAL_NULL_CONVERSION = YES;
				CLANG_WARN_OBJC_IMPLICIT_RETAIN_SELF = YES;
				CLANG_WARN_OBJC_LITERAL_CONVERSION = YES;
				CLANG_WARN_OBJC_ROOT_CLASS = YES_ERROR;
				CLANG_WARN_QUOTED_INCLUDE_IN_FRAMEWORK_HEADER = YES;
				CLANG_WARN_RANGE_LOOP_ANALYSIS = YES;
				CLANG_WARN_STRICT_PROTOTYPES = YES;
				CLANG_WARN_SUSPICIOUS_MOVE = YES;
				CLANG_WARN_UNGUARDED_AVAILABILITY = YES_AGGRESSIVE;
				CLANG_WARN_UNREACHABLE_CODE = YES;
				CLANG_WARN__DUPLICATE_METHOD_MATCH = YES;
				COPY_PHASE_STRIP = NO;
				DEBUG_INFORMATION_FORMAT = dwarf;
				ENABLE_STRICT_OBJC_MSGSEND = YES;
				ENABLE_TESTABILITY = YES;
				GCC_C_LANGUAGE_STANDARD = gnu11;
				GCC_DYNAMIC_NO_PIC = NO;
				GCC_NO_COMMON_BLOCKS = YES;
				GCC_OPTIMIZATION_LEVEL = 0;
				GCC_PREPROCESSOR_DEFINITIONS = (
					"DEBUG=1",
					"$(inherited)",
				);
				GCC_WARN_64_TO_32_BIT_CONVERSION = YES;
				GCC_WARN_ABOUT_RETURN_TYPE = YES_ERROR;
				GCC_WARN_UNDECLARED_SELECTOR = YES;
				GCC_WARN_UNINITIALIZED_AUTOS = YES_AGGRESSIVE;
				GCC_WARN_UNUSED_FUNCTION = YES;
				GCC_WARN_UNUSED_VARIABLE = YES;
				IPHONEOS_DEPLOYMENT_TARGET = 16.1;
				MTL_ENABLE_DEBUG_INFO = INCLUDE_SOURCE;
				MTL_FAST_MATH = YES;
				ONLY_ACTIVE_ARCH = YES;
				SDKROOT = iphoneos;
				SWIFT_ACTIVE_COMPILATION_CONDITIONS = DEBUG;
				SWIFT_OPTIMIZATION_LEVEL = "-Onone";
			};
			name = Debug;
		};
		2EA42EC12935CEEA00A31F04 /* Release */ = {
			isa = XCBuildConfiguration;
			buildSettings = {
				ALWAYS_SEARCH_USER_PATHS = NO;
				CLANG_ANALYZER_NONNULL = YES;
				CLANG_ANALYZER_NUMBER_OBJECT_CONVERSION = YES_AGGRESSIVE;
				CLANG_CXX_LANGUAGE_STANDARD = "gnu++20";
				CLANG_ENABLE_MODULES = YES;
				CLANG_ENABLE_OBJC_ARC = YES;
				CLANG_ENABLE_OBJC_WEAK = YES;
				CLANG_WARN_BLOCK_CAPTURE_AUTORELEASING = YES;
				CLANG_WARN_BOOL_CONVERSION = YES;
				CLANG_WARN_COMMA = YES;
				CLANG_WARN_CONSTANT_CONVERSION = YES;
				CLANG_WARN_DEPRECATED_OBJC_IMPLEMENTATIONS = YES;
				CLANG_WARN_DIRECT_OBJC_ISA_USAGE = YES_ERROR;
				CLANG_WARN_DOCUMENTATION_COMMENTS = YES;
				CLANG_WARN_EMPTY_BODY = YES;
				CLANG_WARN_ENUM_CONVERSION = YES;
				CLANG_WARN_INFINITE_RECURSION = YES;
				CLANG_WARN_INT_CONVERSION = YES;
				CLANG_WARN_NON_LITERAL_NULL_CONVERSION = YES;
				CLANG_WARN_OBJC_IMPLICIT_RETAIN_SELF = YES;
				CLANG_WARN_OBJC_LITERAL_CONVERSION = YES;
				CLANG_WARN_OBJC_ROOT_CLASS = YES_ERROR;
				CLANG_WARN_QUOTED_INCLUDE_IN_FRAMEWORK_HEADER = YES;
				CLANG_WARN_RANGE_LOOP_ANALYSIS = YES;
				CLANG_WARN_STRICT_PROTOTYPES = YES;
				CLANG_WARN_SUSPICIOUS_MOVE = YES;
				CLANG_WARN_UNGUARDED_AVAILABILITY = YES_AGGRESSIVE;
				CLANG_WARN_UNREACHABLE_CODE = YES;
				CLANG_WARN__DUPLICATE_METHOD_MATCH = YES;
				COPY_PHASE_STRIP = NO;
				DEBUG_INFORMATION_FORMAT = "dwarf-with-dsym";
				ENABLE_NS_ASSERTIONS = NO;
				ENABLE_STRICT_OBJC_MSGSEND = YES;
				GCC_C_LANGUAGE_STANDARD = gnu11;
				GCC_NO_COMMON_BLOCKS = YES;
				GCC_WARN_64_TO_32_BIT_CONVERSION = YES;
				GCC_WARN_ABOUT_RETURN_TYPE = YES_ERROR;
				GCC_WARN_UNDECLARED_SELECTOR = YES;
				GCC_WARN_UNINITIALIZED_AUTOS = YES_AGGRESSIVE;
				GCC_WARN_UNUSED_FUNCTION = YES;
				GCC_WARN_UNUSED_VARIABLE = YES;
				IPHONEOS_DEPLOYMENT_TARGET = 16.1;
				MTL_ENABLE_DEBUG_INFO = NO;
				MTL_FAST_MATH = YES;
				SDKROOT = iphoneos;
				SWIFT_COMPILATION_MODE = wholemodule;
				SWIFT_OPTIMIZATION_LEVEL = "-O";
				VALIDATE_PRODUCT = YES;
			};
			name = Release;
		};
		2EA42EC32935CEEA00A31F04 /* Debug */ = {
			isa = XCBuildConfiguration;
			buildSettings = {
				ASSETCATALOG_COMPILER_APPICON_NAME = AppIcon;
				ASSETCATALOG_COMPILER_GLOBAL_ACCENT_COLOR_NAME = AccentColor;
				CODE_SIGN_STYLE = Automatic;
				CURRENT_PROJECT_VERSION = 1;
				GENERATE_INFOPLIST_FILE = YES;
				INFOPLIST_FILE = MyTodo/Info.plist;
				INFOPLIST_KEY_UIApplicationSupportsIndirectInputEvents = YES;
				INFOPLIST_KEY_UILaunchStoryboardName = LaunchScreen;
				INFOPLIST_KEY_UIMainStoryboardFile = Main;
				INFOPLIST_KEY_UISupportedInterfaceOrientations_iPad = "UIInterfaceOrientationPortrait UIInterfaceOrientationPortraitUpsideDown UIInterfaceOrientationLandscapeLeft UIInterfaceOrientationLandscapeRight";
				INFOPLIST_KEY_UISupportedInterfaceOrientations_iPhone = "UIInterfaceOrientationPortrait UIInterfaceOrientationLandscapeLeft UIInterfaceOrientationLandscapeRight";
				LD_RUNPATH_SEARCH_PATHS = (
					"$(inherited)",
					"@executable_path/Frameworks",
				);
				MARKETING_VERSION = 1.0;
				PRODUCT_BUNDLE_IDENTIFIER = com.musfick.MyTodo;
				PRODUCT_NAME = "$(TARGET_NAME)";
				SWIFT_EMIT_LOC_STRINGS = YES;
				SWIFT_VERSION = 5.0;
				TARGETED_DEVICE_FAMILY = "1,2";
			};
			name = Debug;
		};
		2EA42EC42935CEEA00A31F04 /* Release */ = {
			isa = XCBuildConfiguration;
			buildSettings = {
				ASSETCATALOG_COMPILER_APPICON_NAME = AppIcon;
				ASSETCATALOG_COMPILER_GLOBAL_ACCENT_COLOR_NAME = AccentColor;
				CODE_SIGN_STYLE = Automatic;
				CURRENT_PROJECT_VERSION = 1;
				GENERATE_INFOPLIST_FILE = YES;
				INFOPLIST_FILE = MyTodo/Info.plist;
				INFOPLIST_KEY_UIApplicationSupportsIndirectInputEvents = YES;
				INFOPLIST_KEY_UILaunchStoryboardName = LaunchScreen;
				INFOPLIST_KEY_UIMainStoryboardFile = Main;
				INFOPLIST_KEY_UISupportedInterfaceOrientations_iPad = "UIInterfaceOrientationPortrait UIInterfaceOrientationPortraitUpsideDown UIInterfaceOrientationLandscapeLeft UIInterfaceOrientationLandscapeRight";
				INFOPLIST_KEY_UISupportedInterfaceOrientations_iPhone = "UIInterfaceOrientationPortrait UIInterfaceOrientationLandscapeLeft UIInterfaceOrientationLandscapeRight";
				LD_RUNPATH_SEARCH_PATHS = (
					"$(inherited)",
					"@executable_path/Frameworks",
				);
				MARKETING_VERSION = 1.0;
				PRODUCT_BUNDLE_IDENTIFIER = com.musfick.MyTodo;
				PRODUCT_NAME = "$(TARGET_NAME)";
				SWIFT_EMIT_LOC_STRINGS = YES;
				SWIFT_VERSION = 5.0;
				TARGETED_DEVICE_FAMILY = "1,2";
			};
			name = Release;
		};
		2EA42EC62935CEEA00A31F04 /* Debug */ = {
			isa = XCBuildConfiguration;
			buildSettings = {
				ALWAYS_EMBED_SWIFT_STANDARD_LIBRARIES = YES;
				BUNDLE_LOADER = "$(TEST_HOST)";
				CODE_SIGN_STYLE = Automatic;
				CURRENT_PROJECT_VERSION = 1;
				GENERATE_INFOPLIST_FILE = YES;
				IPHONEOS_DEPLOYMENT_TARGET = 16.1;
				MARKETING_VERSION = 1.0;
				PRODUCT_BUNDLE_IDENTIFIER = com.musfick.MyTodoTests;
				PRODUCT_NAME = "$(TARGET_NAME)";
				SWIFT_EMIT_LOC_STRINGS = NO;
				SWIFT_VERSION = 5.0;
				TARGETED_DEVICE_FAMILY = "1,2";
				TEST_HOST = "$(BUILT_PRODUCTS_DIR)/MyTodo.app/$(BUNDLE_EXECUTABLE_FOLDER_PATH)/MyTodo";
			};
			name = Debug;
		};
		2EA42EC72935CEEA00A31F04 /* Release */ = {
			isa = XCBuildConfiguration;
			buildSettings = {
				ALWAYS_EMBED_SWIFT_STANDARD_LIBRARIES = YES;
				BUNDLE_LOADER = "$(TEST_HOST)";
				CODE_SIGN_STYLE = Automatic;
				CURRENT_PROJECT_VERSION = 1;
				GENERATE_INFOPLIST_FILE = YES;
				IPHONEOS_DEPLOYMENT_TARGET = 16.1;
				MARKETING_VERSION = 1.0;
				PRODUCT_BUNDLE_IDENTIFIER = com.musfick.MyTodoTests;
				PRODUCT_NAME = "$(TARGET_NAME)";
				SWIFT_EMIT_LOC_STRINGS = NO;
				SWIFT_VERSION = 5.0;
				TARGETED_DEVICE_FAMILY = "1,2";
				TEST_HOST = "$(BUILT_PRODUCTS_DIR)/MyTodo.app/$(BUNDLE_EXECUTABLE_FOLDER_PATH)/MyTodo";
			};
			name = Release;
		};
		2EA42EC92935CEEA00A31F04 /* Debug */ = {
			isa = XCBuildConfiguration;
			buildSettings = {
				ALWAYS_EMBED_SWIFT_STANDARD_LIBRARIES = YES;
				CODE_SIGN_STYLE = Automatic;
				CURRENT_PROJECT_VERSION = 1;
				GENERATE_INFOPLIST_FILE = YES;
				MARKETING_VERSION = 1.0;
				PRODUCT_BUNDLE_IDENTIFIER = com.musfick.MyTodoUITests;
				PRODUCT_NAME = "$(TARGET_NAME)";
				SWIFT_EMIT_LOC_STRINGS = NO;
				SWIFT_VERSION = 5.0;
				TARGETED_DEVICE_FAMILY = "1,2";
				TEST_TARGET_NAME = MyTodo;
			};
			name = Debug;
		};
		2EA42ECA2935CEEA00A31F04 /* Release */ = {
			isa = XCBuildConfiguration;
			buildSettings = {
				ALWAYS_EMBED_SWIFT_STANDARD_LIBRARIES = YES;
				CODE_SIGN_STYLE = Automatic;
				CURRENT_PROJECT_VERSION = 1;
				GENERATE_INFOPLIST_FILE = YES;
				MARKETING_VERSION = 1.0;
				PRODUCT_BUNDLE_IDENTIFIER = com.musfick.MyTodoUITests;
				PRODUCT_NAME = "$(TARGET_NAME)";
				SWIFT_EMIT_LOC_STRINGS = NO;
				SWIFT_VERSION = 5.0;
				TARGETED_DEVICE_FAMILY = "1,2";
				TEST_TARGET_NAME = MyTodo;
			};
			name = Release;
		};
/* End XCBuildConfiguration section */

/* Begin XCConfigurationList section */
		2EA42E932935CEE800A31F04 /* Build configuration list for PBXProject "MyTodo" */ = {
			isa = XCConfigurationList;
			buildConfigurations = (
				2EA42EC02935CEEA00A31F04 /* Debug */,
				2EA42EC12935CEEA00A31F04 /* Release */,
			);
			defaultConfigurationIsVisible = 0;
			defaultConfigurationName = Release;
		};
		2EA42EC22935CEEA00A31F04 /* Build configuration list for PBXNativeTarget "MyTodo" */ = {
			isa = XCConfigurationList;
			buildConfigurations = (
				2EA42EC32935CEEA00A31F04 /* Debug */,
				2EA42EC42935CEEA00A31F04 /* Release */,
			);
			defaultConfigurationIsVisible = 0;
			defaultConfigurationName = Release;
		};
		2EA42EC52935CEEA00A31F04 /* Build configuration list for PBXNativeTarget "MyTodoTests" */ = {
			isa = XCConfigurationList;
			buildConfigurations = (
				2EA42EC62935CEEA00A31F04 /* Debug */,
				2EA42EC72935CEEA00A31F04 /* Release */,
			);
			defaultConfigurationIsVisible = 0;
			defaultConfigurationName = Release;
		};
		2EA42EC82935CEEA00A31F04 /* Build configuration list for PBXNativeTarget "MyTodoUITests" */ = {
			isa = XCConfigurationList;
			buildConfigurations = (
				2EA42EC92935CEEA00A31F04 /* Debug */,
				2EA42ECA2935CEEA00A31F04 /* Release */,
			);
			defaultConfigurationIsVisible = 0;
			defaultConfigurationName = Release;
		};
/* End XCConfigurationList section */
	};
	rootObject = 2EA42E902935CEE800A31F04 /* Project object */;
}
